// !$*UTF8*$!
{
	archiveVersion = 1;
	classes = {
	};
	objectVersion = 56;
	objects = {

/* Begin PBXBuildFile section */
		C47C4A2E2B02CE4500262FC8 /* Line+Path.swift in Sources */ = {isa = PBXBuildFile; fileRef = C47C4A2D2B02CE4500262FC8 /* Line+Path.swift */; };
		C483966B2B02AD3100FC150E /* AppDelegate.swift in Sources */ = {isa = PBXBuildFile; fileRef = C483966A2B02AD3100FC150E /* AppDelegate.swift */; };
		C483966D2B02AD3100FC150E /* SceneDelegate.swift in Sources */ = {isa = PBXBuildFile; fileRef = C483966C2B02AD3100FC150E /* SceneDelegate.swift */; };
		C483966F2B02AD3100FC150E /* VideoEditorViewController.swift in Sources */ = {isa = PBXBuildFile; fileRef = C483966E2B02AD3100FC150E /* VideoEditorViewController.swift */; };
		C48396722B02AD3100FC150E /* Main.storyboard in Resources */ = {isa = PBXBuildFile; fileRef = C48396702B02AD3100FC150E /* Main.storyboard */; };
		C48396742B02AD3300FC150E /* Assets.xcassets in Resources */ = {isa = PBXBuildFile; fileRef = C48396732B02AD3300FC150E /* Assets.xcassets */; };
		C48396772B02AD3300FC150E /* LaunchScreen.storyboard in Resources */ = {isa = PBXBuildFile; fileRef = C48396752B02AD3300FC150E /* LaunchScreen.storyboard */; };
		C483967F2B02AD6400FC150E /* CanvasView.swift in Sources */ = {isa = PBXBuildFile; fileRef = C483967E2B02AD6400FC150E /* CanvasView.swift */; };
		C48396812B02AD7F00FC150E /* Line.swift in Sources */ = {isa = PBXBuildFile; fileRef = C48396802B02AD7F00FC150E /* Line.swift */; };
		C48396832B02ADA300FC150E /* CanvasButton.swift in Sources */ = {isa = PBXBuildFile; fileRef = C48396822B02ADA300FC150E /* CanvasButton.swift */; };
		C48969F52B02AE9F00A0D068 /* SnapKit in Frameworks */ = {isa = PBXBuildFile; productRef = C48969F42B02AE9F00A0D068 /* SnapKit */; };
		C48969F72B02AE9F00A0D068 /* SnapKit-Dynamic in Frameworks */ = {isa = PBXBuildFile; productRef = C48969F62B02AE9F00A0D068 /* SnapKit-Dynamic */; };
		C48969FC2B02C1D900A0D068 /* VideoEditorViewModel.swift in Sources */ = {isa = PBXBuildFile; fileRef = C48969FB2B02C1D900A0D068 /* VideoEditorViewModel.swift */; };
/* End PBXBuildFile section */

/* Begin PBXFileReference section */
		C47C4A2D2B02CE4500262FC8 /* Line+Path.swift */ = {isa = PBXFileReference; lastKnownFileType = sourcecode.swift; path = "Line+Path.swift"; sourceTree = "<group>"; };
		C48396672B02AD3100FC150E /* VideoEditor.app */ = {isa = PBXFileReference; explicitFileType = wrapper.application; includeInIndex = 0; path = VideoEditor.app; sourceTree = BUILT_PRODUCTS_DIR; };
		C483966A2B02AD3100FC150E /* AppDelegate.swift */ = {isa = PBXFileReference; lastKnownFileType = sourcecode.swift; path = AppDelegate.swift; sourceTree = "<group>"; };
		C483966C2B02AD3100FC150E /* SceneDelegate.swift */ = {isa = PBXFileReference; lastKnownFileType = sourcecode.swift; path = SceneDelegate.swift; sourceTree = "<group>"; };
		C483966E2B02AD3100FC150E /* VideoEditorViewController.swift */ = {isa = PBXFileReference; lastKnownFileType = sourcecode.swift; path = VideoEditorViewController.swift; sourceTree = "<group>"; };
		C48396712B02AD3100FC150E /* Base */ = {isa = PBXFileReference; lastKnownFileType = file.storyboard; name = Base; path = Base.lproj/Main.storyboard; sourceTree = "<group>"; };
		C48396732B02AD3300FC150E /* Assets.xcassets */ = {isa = PBXFileReference; lastKnownFileType = folder.assetcatalog; path = Assets.xcassets; sourceTree = "<group>"; };
		C48396762B02AD3300FC150E /* Base */ = {isa = PBXFileReference; lastKnownFileType = file.storyboard; name = Base; path = Base.lproj/LaunchScreen.storyboard; sourceTree = "<group>"; };
		C48396782B02AD3300FC150E /* Info.plist */ = {isa = PBXFileReference; lastKnownFileType = text.plist.xml; path = Info.plist; sourceTree = "<group>"; };
		C483967E2B02AD6400FC150E /* CanvasView.swift */ = {isa = PBXFileReference; lastKnownFileType = sourcecode.swift; path = CanvasView.swift; sourceTree = "<group>"; };
		C48396802B02AD7F00FC150E /* Line.swift */ = {isa = PBXFileReference; lastKnownFileType = sourcecode.swift; path = Line.swift; sourceTree = "<group>"; };
		C48396822B02ADA300FC150E /* CanvasButton.swift */ = {isa = PBXFileReference; lastKnownFileType = sourcecode.swift; path = CanvasButton.swift; sourceTree = "<group>"; };
		C48969FA2B02B5B300A0D068 /* README.md */ = {isa = PBXFileReference; lastKnownFileType = net.daringfireball.markdown; path = README.md; sourceTree = "<group>"; };
		C48969FB2B02C1D900A0D068 /* VideoEditorViewModel.swift */ = {isa = PBXFileReference; lastKnownFileType = sourcecode.swift; path = VideoEditorViewModel.swift; sourceTree = "<group>"; };
/* End PBXFileReference section */

/* Begin PBXFrameworksBuildPhase section */
		C48396642B02AD3100FC150E /* Frameworks */ = {
			isa = PBXFrameworksBuildPhase;
			buildActionMask = 2147483647;
			files = (
				C48969F52B02AE9F00A0D068 /* SnapKit in Frameworks */,
				C48969F72B02AE9F00A0D068 /* SnapKit-Dynamic in Frameworks */,
			);
			runOnlyForDeploymentPostprocessing = 0;
		};
/* End PBXFrameworksBuildPhase section */

/* Begin PBXGroup section */
		C47C4A2C2B02CE3700262FC8 /* Helpers */ = {
			isa = PBXGroup;
			children = (
				C47C4A2D2B02CE4500262FC8 /* Line+Path.swift */,
			);
			path = Helpers;
			sourceTree = "<group>";
		};
		C483965E2B02AD3100FC150E = {
			isa = PBXGroup;
			children = (
				C48969FA2B02B5B300A0D068 /* README.md */,
				C48396692B02AD3100FC150E /* VideoEditor */,
				C48396682B02AD3100FC150E /* Products */,
			);
			sourceTree = "<group>";
		};
		C48396682B02AD3100FC150E /* Products */ = {
			isa = PBXGroup;
			children = (
				C48396672B02AD3100FC150E /* VideoEditor.app */,
			);
			name = Products;
			sourceTree = "<group>";
		};
		C48396692B02AD3100FC150E /* VideoEditor */ = {
			isa = PBXGroup;
			children = (
				C48969F92B02AED100A0D068 /* App lifecycle */,
				C48396872B02ADE900FC150E /* View */,
				C48969F82B02AEB900A0D068 /* ViewModel */,
				C48396862B02ADD700FC150E /* Model */,
				C47C4A2C2B02CE3700262FC8 /* Helpers */,
				C48396702B02AD3100FC150E /* Main.storyboard */,
				C48396732B02AD3300FC150E /* Assets.xcassets */,
				C48396752B02AD3300FC150E /* LaunchScreen.storyboard */,
				C48396782B02AD3300FC150E /* Info.plist */,
			);
			path = VideoEditor;
			sourceTree = "<group>";
		};
		C48396862B02ADD700FC150E /* Model */ = {
			isa = PBXGroup;
			children = (
				C48396802B02AD7F00FC150E /* Line.swift */,
			);
			path = Model;
			sourceTree = "<group>";
		};
		C48396872B02ADE900FC150E /* View */ = {
			isa = PBXGroup;
			children = (
				C483966E2B02AD3100FC150E /* VideoEditorViewController.swift */,
				C483967E2B02AD6400FC150E /* CanvasView.swift */,
				C48396822B02ADA300FC150E /* CanvasButton.swift */,
			);
			path = View;
			sourceTree = "<group>";
		};
		C48969F82B02AEB900A0D068 /* ViewModel */ = {
			isa = PBXGroup;
			children = (
				C48969FB2B02C1D900A0D068 /* VideoEditorViewModel.swift */,
			);
			path = ViewModel;
			sourceTree = "<group>";
		};
		C48969F92B02AED100A0D068 /* App lifecycle */ = {
			isa = PBXGroup;
			children = (
				C483966A2B02AD3100FC150E /* AppDelegate.swift */,
				C483966C2B02AD3100FC150E /* SceneDelegate.swift */,
			);
			path = "App lifecycle";
			sourceTree = "<group>";
		};
/* End PBXGroup section */

/* Begin PBXNativeTarget section */
		C48396662B02AD3100FC150E /* VideoEditor */ = {
			isa = PBXNativeTarget;
			buildConfigurationList = C483967B2B02AD3300FC150E /* Build configuration list for PBXNativeTarget "VideoEditor" */;
			buildPhases = (
				C48396632B02AD3100FC150E /* Sources */,
				C48396642B02AD3100FC150E /* Frameworks */,
				C48396652B02AD3100FC150E /* Resources */,
			);
			buildRules = (
			);
			dependencies = (
			);
			name = VideoEditor;
			packageProductDependencies = (
				C48969F42B02AE9F00A0D068 /* SnapKit */,
				C48969F62B02AE9F00A0D068 /* SnapKit-Dynamic */,
			);
			productName = VideoEditor;
			productReference = C48396672B02AD3100FC150E /* VideoEditor.app */;
			productType = "com.apple.product-type.application";
		};
/* End PBXNativeTarget section */

/* Begin PBXProject section */
		C483965F2B02AD3100FC150E /* Project object */ = {
			isa = PBXProject;
			attributes = {
				BuildIndependentTargetsInParallel = 1;
				LastSwiftUpdateCheck = 1500;
				LastUpgradeCheck = 1500;
				TargetAttributes = {
					C48396662B02AD3100FC150E = {
						CreatedOnToolsVersion = 15.0.1;
					};
				};
			};
			buildConfigurationList = C48396622B02AD3100FC150E /* Build configuration list for PBXProject "VideoEditor" */;
			compatibilityVersion = "Xcode 14.0";
			developmentRegion = en;
			hasScannedForEncodings = 0;
			knownRegions = (
				en,
				Base,
			);
			mainGroup = C483965E2B02AD3100FC150E;
			packageReferences = (
				C48969F32B02AE9F00A0D068 /* XCRemoteSwiftPackageReference "SnapKit" */,
			);
			productRefGroup = C48396682B02AD3100FC150E /* Products */;
			projectDirPath = "";
			projectRoot = "";
			targets = (
				C48396662B02AD3100FC150E /* VideoEditor */,
			);
		};
/* End PBXProject section */

/* Begin PBXResourcesBuildPhase section */
		C48396652B02AD3100FC150E /* Resources */ = {
			isa = PBXResourcesBuildPhase;
			buildActionMask = 2147483647;
			files = (
				C48396772B02AD3300FC150E /* LaunchScreen.storyboard in Resources */,
				C48396742B02AD3300FC150E /* Assets.xcassets in Resources */,
				C48396722B02AD3100FC150E /* Main.storyboard in Resources */,
			);
			runOnlyForDeploymentPostprocessing = 0;
		};
/* End PBXResourcesBuildPhase section */

/* Begin PBXSourcesBuildPhase section */
		C48396632B02AD3100FC150E /* Sources */ = {
			isa = PBXSourcesBuildPhase;
			buildActionMask = 2147483647;
			files = (
				C47C4A2E2B02CE4500262FC8 /* Line+Path.swift in Sources */,
				C48969FC2B02C1D900A0D068 /* VideoEditorViewModel.swift in Sources */,
				C48396832B02ADA300FC150E /* CanvasButton.swift in Sources */,
				C483966F2B02AD3100FC150E /* VideoEditorViewController.swift in Sources */,
				C483966B2B02AD3100FC150E /* AppDelegate.swift in Sources */,
				C483967F2B02AD6400FC150E /* CanvasView.swift in Sources */,
				C483966D2B02AD3100FC150E /* SceneDelegate.swift in Sources */,
				C48396812B02AD7F00FC150E /* Line.swift in Sources */,
			);
			runOnlyForDeploymentPostprocessing = 0;
		};
/* End PBXSourcesBuildPhase section */

/* Begin PBXVariantGroup section */
		C48396702B02AD3100FC150E /* Main.storyboard */ = {
			isa = PBXVariantGroup;
			children = (
				C48396712B02AD3100FC150E /* Base */,
			);
			name = Main.storyboard;
			sourceTree = "<group>";
		};
		C48396752B02AD3300FC150E /* LaunchScreen.storyboard */ = {
			isa = PBXVariantGroup;
			children = (
				C48396762B02AD3300FC150E /* Base */,
			);
			name = LaunchScreen.storyboard;
			sourceTree = "<group>";
		};
/* End PBXVariantGroup section */

/* Begin XCBuildConfiguration section */
		C48396792B02AD3300FC150E /* Debug */ = {
			isa = XCBuildConfiguration;
			buildSettings = {
				ALWAYS_SEARCH_USER_PATHS = NO;
				ASSETCATALOG_COMPILER_GENERATE_SWIFT_ASSET_SYMBOL_EXTENSIONS = YES;
				CLANG_ANALYZER_NONNULL = YES;
				CLANG_ANALYZER_NUMBER_OBJECT_CONVERSION = YES_AGGRESSIVE;
				CLANG_CXX_LANGUAGE_STANDARD = "gnu++20";
				CLANG_ENABLE_MODULES = YES;
				CLANG_ENABLE_OBJC_ARC = YES;
				CLANG_ENABLE_OBJC_WEAK = YES;
				CLANG_WARN_BLOCK_CAPTURE_AUTORELEASING = YES;
				CLANG_WARN_BOOL_CONVERSION = YES;
				CLANG_WARN_COMMA = YES;
				CLANG_WARN_CONSTANT_CONVERSION = YES;
				CLANG_WARN_DEPRECATED_OBJC_IMPLEMENTATIONS = YES;
				CLANG_WARN_DIRECT_OBJC_ISA_USAGE = YES_ERROR;
				CLANG_WARN_DOCUMENTATION_COMMENTS = YES;
				CLANG_WARN_EMPTY_BODY = YES;
				CLANG_WARN_ENUM_CONVERSION = YES;
				CLANG_WARN_INFINITE_RECURSION = YES;
				CLANG_WARN_INT_CONVERSION = YES;
				CLANG_WARN_NON_LITERAL_NULL_CONVERSION = YES;
				CLANG_WARN_OBJC_IMPLICIT_RETAIN_SELF = YES;
				CLANG_WARN_OBJC_LITERAL_CONVERSION = YES;
				CLANG_WARN_OBJC_ROOT_CLASS = YES_ERROR;
				CLANG_WARN_QUOTED_INCLUDE_IN_FRAMEWORK_HEADER = YES;
				CLANG_WARN_RANGE_LOOP_ANALYSIS = YES;
				CLANG_WARN_STRICT_PROTOTYPES = YES;
				CLANG_WARN_SUSPICIOUS_MOVE = YES;
				CLANG_WARN_UNGUARDED_AVAILABILITY = YES_AGGRESSIVE;
				CLANG_WARN_UNREACHABLE_CODE = YES;
				CLANG_WARN__DUPLICATE_METHOD_MATCH = YES;
				COPY_PHASE_STRIP = NO;
				DEBUG_INFORMATION_FORMAT = dwarf;
				ENABLE_STRICT_OBJC_MSGSEND = YES;
				ENABLE_TESTABILITY = YES;
				ENABLE_USER_SCRIPT_SANDBOXING = YES;
				GCC_C_LANGUAGE_STANDARD = gnu17;
				GCC_DYNAMIC_NO_PIC = NO;
				GCC_NO_COMMON_BLOCKS = YES;
				GCC_OPTIMIZATION_LEVEL = 0;
				GCC_PREPROCESSOR_DEFINITIONS = (
					"DEBUG=1",
					"$(inherited)",
				);
				GCC_WARN_64_TO_32_BIT_CONVERSION = YES;
				GCC_WARN_ABOUT_RETURN_TYPE = YES_ERROR;
				GCC_WARN_UNDECLARED_SELECTOR = YES;
				GCC_WARN_UNINITIALIZED_AUTOS = YES_AGGRESSIVE;
				GCC_WARN_UNUSED_FUNCTION = YES;
				GCC_WARN_UNUSED_VARIABLE = YES;
				IPHONEOS_DEPLOYMENT_TARGET = 17.0;
				LOCALIZATION_PREFERS_STRING_CATALOGS = YES;
				MTL_ENABLE_DEBUG_INFO = INCLUDE_SOURCE;
				MTL_FAST_MATH = YES;
				ONLY_ACTIVE_ARCH = YES;
				SDKROOT = iphoneos;
				SWIFT_ACTIVE_COMPILATION_CONDITIONS = "DEBUG $(inherited)";
				SWIFT_OPTIMIZATION_LEVEL = "-Onone";
			};
			name = Debug;
		};
		C483967A2B02AD3300FC150E /* Release */ = {
			isa = XCBuildConfiguration;
			buildSettings = {
				ALWAYS_SEARCH_USER_PATHS = NO;
				ASSETCATALOG_COMPILER_GENERATE_SWIFT_ASSET_SYMBOL_EXTENSIONS = YES;
				CLANG_ANALYZER_NONNULL = YES;
				CLANG_ANALYZER_NUMBER_OBJECT_CONVERSION = YES_AGGRESSIVE;
				CLANG_CXX_LANGUAGE_STANDARD = "gnu++20";
				CLANG_ENABLE_MODULES = YES;
				CLANG_ENABLE_OBJC_ARC = YES;
				CLANG_ENABLE_OBJC_WEAK = YES;
				CLANG_WARN_BLOCK_CAPTURE_AUTORELEASING = YES;
				CLANG_WARN_BOOL_CONVERSION = YES;
				CLANG_WARN_COMMA = YES;
				CLANG_WARN_CONSTANT_CONVERSION = YES;
				CLANG_WARN_DEPRECATED_OBJC_IMPLEMENTATIONS = YES;
				CLANG_WARN_DIRECT_OBJC_ISA_USAGE = YES_ERROR;
				CLANG_WARN_DOCUMENTATION_COMMENTS = YES;
				CLANG_WARN_EMPTY_BODY = YES;
				CLANG_WARN_ENUM_CONVERSION = YES;
				CLANG_WARN_INFINITE_RECURSION = YES;
				CLANG_WARN_INT_CONVERSION = YES;
				CLANG_WARN_NON_LITERAL_NULL_CONVERSION = YES;
				CLANG_WARN_OBJC_IMPLICIT_RETAIN_SELF = YES;
				CLANG_WARN_OBJC_LITERAL_CONVERSION = YES;
				CLANG_WARN_OBJC_ROOT_CLASS = YES_ERROR;
				CLANG_WARN_QUOTED_INCLUDE_IN_FRAMEWORK_HEADER = YES;
				CLANG_WARN_RANGE_LOOP_ANALYSIS = YES;
				CLANG_WARN_STRICT_PROTOTYPES = YES;
				CLANG_WARN_SUSPICIOUS_MOVE = YES;
				CLANG_WARN_UNGUARDED_AVAILABILITY = YES_AGGRESSIVE;
				CLANG_WARN_UNREACHABLE_CODE = YES;
				CLANG_WARN__DUPLICATE_METHOD_MATCH = YES;
				COPY_PHASE_STRIP = NO;
				DEBUG_INFORMATION_FORMAT = "dwarf-with-dsym";
				ENABLE_NS_ASSERTIONS = NO;
				ENABLE_STRICT_OBJC_MSGSEND = YES;
				ENABLE_USER_SCRIPT_SANDBOXING = YES;
				GCC_C_LANGUAGE_STANDARD = gnu17;
				GCC_NO_COMMON_BLOCKS = YES;
				GCC_WARN_64_TO_32_BIT_CONVERSION = YES;
				GCC_WARN_ABOUT_RETURN_TYPE = YES_ERROR;
				GCC_WARN_UNDECLARED_SELECTOR = YES;
				GCC_WARN_UNINITIALIZED_AUTOS = YES_AGGRESSIVE;
				GCC_WARN_UNUSED_FUNCTION = YES;
				GCC_WARN_UNUSED_VARIABLE = YES;
				IPHONEOS_DEPLOYMENT_TARGET = 17.0;
				LOCALIZATION_PREFERS_STRING_CATALOGS = YES;
				MTL_ENABLE_DEBUG_INFO = NO;
				MTL_FAST_MATH = YES;
				SDKROOT = iphoneos;
				SWIFT_COMPILATION_MODE = wholemodule;
				VALIDATE_PRODUCT = YES;
			};
			name = Release;
		};
		C483967C2B02AD3300FC150E /* Debug */ = {
			isa = XCBuildConfiguration;
			buildSettings = {
				ASSETCATALOG_COMPILER_APPICON_NAME = AppIcon;
				ASSETCATALOG_COMPILER_GLOBAL_ACCENT_COLOR_NAME = AccentColor;
				CODE_SIGN_STYLE = Automatic;
				CURRENT_PROJECT_VERSION = 1;
				DEVELOPMENT_TEAM = UZAPXQTVQ4;
				GENERATE_INFOPLIST_FILE = YES;
				INFOPLIST_FILE = VideoEditor/Info.plist;
				INFOPLIST_KEY_UIApplicationSupportsIndirectInputEvents = YES;
				INFOPLIST_KEY_UILaunchStoryboardName = LaunchScreen;
				INFOPLIST_KEY_UIMainStoryboardFile = Main;
				INFOPLIST_KEY_UISupportedInterfaceOrientations_iPad = "UIInterfaceOrientationPortrait UIInterfaceOrientationPortraitUpsideDown UIInterfaceOrientationLandscapeLeft UIInterfaceOrientationLandscapeRight";
				INFOPLIST_KEY_UISupportedInterfaceOrientations_iPhone = "UIInterfaceOrientationPortrait UIInterfaceOrientationLandscapeLeft UIInterfaceOrientationLandscapeRight";
				LD_RUNPATH_SEARCH_PATHS = (
					"$(inherited)",
					"@executable_path/Frameworks",
				);
				MARKETING_VERSION = 1.0;
				PRODUCT_BUNDLE_IDENTIFIER = com.robertmryan.VideoEditor;
				PRODUCT_NAME = "$(TARGET_NAME)";
				SWIFT_EMIT_LOC_STRINGS = YES;
				SWIFT_VERSION = 5.0;
				TARGETED_DEVICE_FAMILY = "1,2";
			};
			name = Debug;
		};
		C483967D2B02AD3300FC150E /* Release */ = {
			isa = XCBuildConfiguration;
			buildSettings = {
				ASSETCATALOG_COMPILER_APPICON_NAME = AppIcon;
				ASSETCATALOG_COMPILER_GLOBAL_ACCENT_COLOR_NAME = AccentColor;
				CODE_SIGN_STYLE = Automatic;
				CURRENT_PROJECT_VERSION = 1;
				DEVELOPMENT_TEAM = UZAPXQTVQ4;
				GENERATE_INFOPLIST_FILE = YES;
				INFOPLIST_FILE = VideoEditor/Info.plist;
				INFOPLIST_KEY_UIApplicationSupportsIndirectInputEvents = YES;
				INFOPLIST_KEY_UILaunchStoryboardName = LaunchScreen;
				INFOPLIST_KEY_UIMainStoryboardFile = Main;
				INFOPLIST_KEY_UISupportedInterfaceOrientations_iPad = "UIInterfaceOrientationPortrait UIInterfaceOrientationPortraitUpsideDown UIInterfaceOrientationLandscapeLeft UIInterfaceOrientationLandscapeRight";
				INFOPLIST_KEY_UISupportedInterfaceOrientations_iPhone = "UIInterfaceOrientationPortrait UIInterfaceOrientationLandscapeLeft UIInterfaceOrientationLandscapeRight";
				LD_RUNPATH_SEARCH_PATHS = (
					"$(inherited)",
					"@executable_path/Frameworks",
				);
				MARKETING_VERSION = 1.0;
				PRODUCT_BUNDLE_IDENTIFIER = com.robertmryan.VideoEditor;
				PRODUCT_NAME = "$(TARGET_NAME)";
				SWIFT_EMIT_LOC_STRINGS = YES;
				SWIFT_VERSION = 5.0;
				TARGETED_DEVICE_FAMILY = "1,2";
			};
			name = Release;
		};
/* End XCBuildConfiguration section */

/* Begin XCConfigurationList section */
		C48396622B02AD3100FC150E /* Build configuration list for PBXProject "VideoEditor" */ = {
			isa = XCConfigurationList;
			buildConfigurations = (
				C48396792B02AD3300FC150E /* Debug */,
				C483967A2B02AD3300FC150E /* Release */,
			);
			defaultConfigurationIsVisible = 0;
			defaultConfigurationName = Release;
		};
		C483967B2B02AD3300FC150E /* Build configuration list for PBXNativeTarget "VideoEditor" */ = {
			isa = XCConfigurationList;
			buildConfigurations = (
				C483967C2B02AD3300FC150E /* Debug */,
				C483967D2B02AD3300FC150E /* Release */,
			);
			defaultConfigurationIsVisible = 0;
			defaultConfigurationName = Release;
		};
/* End XCConfigurationList section */

/* Begin XCRemoteSwiftPackageReference section */
		C48969F32B02AE9F00A0D068 /* XCRemoteSwiftPackageReference "SnapKit" */ = {
			isa = XCRemoteSwiftPackageReference;
			repositoryURL = "https://github.com/SnapKit/SnapKit.git";
			requirement = {
				kind = upToNextMajorVersion;
				minimumVersion = 5.6.0;
			};
		};
/* End XCRemoteSwiftPackageReference section */

/* Begin XCSwiftPackageProductDependency section */
		C48969F42B02AE9F00A0D068 /* SnapKit */ = {
			isa = XCSwiftPackageProductDependency;
			package = C48969F32B02AE9F00A0D068 /* XCRemoteSwiftPackageReference "SnapKit" */;
			productName = SnapKit;
		};
		C48969F62B02AE9F00A0D068 /* SnapKit-Dynamic */ = {
			isa = XCSwiftPackageProductDependency;
			package = C48969F32B02AE9F00A0D068 /* XCRemoteSwiftPackageReference "SnapKit" */;
			productName = "SnapKit-Dynamic";
		};
/* End XCSwiftPackageProductDependency section */
	};
	rootObject = C483965F2B02AD3100FC150E /* Project object */;
}
